
Microsoft Visual Studio Solution File, Format Version 12.00
# Visual Studio Version 17
VisualStudioVersion = 17.13.35825.156 d17.13
MinimumVisualStudioVersion = 10.0.40219.1
Project("{D2ABAB84-BF74-430A-B69E-9DC6D40DDA17}") = "KursovaVar1_SSAS", "KursovaVar1_SSAS\KursovaVar1_SSAS.dwproj", "{AF6E606D-E0D7-39B1-1353-81025B39123D}"
EndProject
Global
	GlobalSection(SolutionConfigurationPlatforms) = preSolution
		Development|Default = Development|Default
	EndGlobalSection
	GlobalSection(ProjectConfigurationPlatforms) = postSolution
		{AF6E606D-E0D7-39B1-1353-81025B39123D}.Development|Default.ActiveCfg = Development
		{AF6E606D-E0D7-39B1-1353-81025B39123D}.Development|Default.Build.0 = Development
		{AF6E606D-E0D7-39B1-1353-81025B39123D}.Development|Default.Deploy.0 = Development
	EndGlobalSection
	GlobalSection(SolutionProperties) = preSolution
		HideSolutionNode = FALSE
	EndGlobalSection
	GlobalSection(ExtensibilityGlobals) = postSolution
		SolutionGuid = {0A521FFC-1650-48E6-8F85-806E53308EDE}
	EndGlobalSection
EndGlobal
